
Microsoft Visual Studio Solution File, Format Version 12.00
# Visual Studio Version 17
VisualStudioVersion = 17.5.33424.131
MinimumVisualStudioVersion = 10.0.40219.1
Project("{FAE04EC0-301F-11D3-BF4B-00C04F79EFBC}") = "001.WPFBasic", "001.WPFBasic\001.WPFBasic.csproj", "{6576F6B5-C07A-4579-9FB4-BFC84FEE52AB}"
EndProject
Project("{FAE04EC0-301F-11D3-BF4B-00C04F79EFBC}") = "002. Hello World", "002. Hello World\002. Hello World.csproj", "{F6838A34-60A4-4B7B-B603-37C308C58E59}"
EndProject
Project("{FAE04EC0-301F-11D3-BF4B-00C04F79EFBC}") = "003.grid", "003.grid\003.grid.csproj", "{97248A61-3D9A-4E22-A290-0C43297AB48D}"
EndProject
Project("{FAE04EC0-301F-11D3-BF4B-00C04F79EFBC}") = "004. StackPanel", "004. StackPanel\004. StackPanel.csproj", "{DFC8D417-253C-46ED-9DA0-4A89E987A1C0}"
EndProject
Project("{FAE04EC0-301F-11D3-BF4B-00C04F79EFBC}") = "005. Login", "005. Login\005. Login.csproj", "{D524C26E-AF40-4CB3-842D-EEE323C596A3}"
EndProject
Project("{FAE04EC0-301F-11D3-BF4B-00C04F79EFBC}") = "006. Language", "006. Language\006. Language.csproj", "{1C166F26-DB3F-4DEA-BCCB-9653D839A46B}"
EndProject
Project("{FAE04EC0-301F-11D3-BF4B-00C04F79EFBC}") = "007. User Control", "007. User Control\007. User Control.csproj", "{3FB8F5DC-CBC3-4973-AE90-03852AEB16B2}"
EndProject
Project("{FAE04EC0-301F-11D3-BF4B-00C04F79EFBC}") = "008. Dock Panel", "008. Dock Panel\008. Dock Panel.csproj", "{F30A410F-8B1E-40E8-A2E1-F83B2324993D}"
EndProject
Project("{FAE04EC0-301F-11D3-BF4B-00C04F79EFBC}") = "009. UniformGrid", "009. UniformGrid\009. UniformGrid.csproj", "{B1E04690-B488-4575-938B-BA267C879521}"
EndProject
Project("{FAE04EC0-301F-11D3-BF4B-00C04F79EFBC}") = "010. Matching Game", "010. Matching Game\010. Matching Game.csproj", "{EEA92250-2F71-4510-8502-795642645CBF}"
EndProject
Project("{FAE04EC0-301F-11D3-BF4B-00C04F79EFBC}") = "011. EIS", "011. EIS\011. EIS.csproj", "{8B14EB9E-649F-47E7-B8C6-8575CF437A14}"
EndProject
Project("{FAE04EC0-301F-11D3-BF4B-00C04F79EFBC}") = "012. TwoWindows", "012. TwoWindows\012. TwoWindows.csproj", "{A79B4C0F-3B9C-4CEF-AAFD-B06CDE13FC22}"
EndProject
Project("{FAE04EC0-301F-11D3-BF4B-00C04F79EFBC}") = "013. Pages", "013. Pages\013. Pages.csproj", "{385B38B1-20B1-49C2-952F-84281FCAB8EA}"
EndProject
Project("{FAE04EC0-301F-11D3-BF4B-00C04F79EFBC}") = "014. SnackBite", "014. SnackBite\014. SnackBite.csproj", "{99CD34E0-DDF6-49C9-945E-16EC736B872B}"
EndProject
Global
	GlobalSection(SolutionConfigurationPlatforms) = preSolution
		Debug|Any CPU = Debug|Any CPU
		Release|Any CPU = Release|Any CPU
	EndGlobalSection
	GlobalSection(ProjectConfigurationPlatforms) = postSolution
		{6576F6B5-C07A-4579-9FB4-BFC84FEE52AB}.Debug|Any CPU.ActiveCfg = Debug|Any CPU
		{6576F6B5-C07A-4579-9FB4-BFC84FEE52AB}.Debug|Any CPU.Build.0 = Debug|Any CPU
		{6576F6B5-C07A-4579-9FB4-BFC84FEE52AB}.Release|Any CPU.ActiveCfg = Release|Any CPU
		{6576F6B5-C07A-4579-9FB4-BFC84FEE52AB}.Release|Any CPU.Build.0 = Release|Any CPU
		{F6838A34-60A4-4B7B-B603-37C308C58E59}.Debug|Any CPU.ActiveCfg = Debug|Any CPU
		{F6838A34-60A4-4B7B-B603-37C308C58E59}.Debug|Any CPU.Build.0 = Debug|Any CPU
		{F6838A34-60A4-4B7B-B603-37C308C58E59}.Release|Any CPU.ActiveCfg = Release|Any CPU
		{F6838A34-60A4-4B7B-B603-37C308C58E59}.Release|Any CPU.Build.0 = Release|Any CPU
		{97248A61-3D9A-4E22-A290-0C43297AB48D}.Debug|Any CPU.ActiveCfg = Debug|Any CPU
		{97248A61-3D9A-4E22-A290-0C43297AB48D}.Debug|Any CPU.Build.0 = Debug|Any CPU
		{97248A61-3D9A-4E22-A290-0C43297AB48D}.Release|Any CPU.ActiveCfg = Release|Any CPU
		{97248A61-3D9A-4E22-A290-0C43297AB48D}.Release|Any CPU.Build.0 = Release|Any CPU
		{DFC8D417-253C-46ED-9DA0-4A89E987A1C0}.Debug|Any CPU.ActiveCfg = Debug|Any CPU
		{DFC8D417-253C-46ED-9DA0-4A89E987A1C0}.Debug|Any CPU.Build.0 = Debug|Any CPU
		{DFC8D417-253C-46ED-9DA0-4A89E987A1C0}.Release|Any CPU.ActiveCfg = Release|Any CPU
		{DFC8D417-253C-46ED-9DA0-4A89E987A1C0}.Release|Any CPU.Build.0 = Release|Any CPU
		{D524C26E-AF40-4CB3-842D-EEE323C596A3}.Debug|Any CPU.ActiveCfg = Debug|Any CPU
		{D524C26E-AF40-4CB3-842D-EEE323C596A3}.Debug|Any CPU.Build.0 = Debug|Any CPU
		{D524C26E-AF40-4CB3-842D-EEE323C596A3}.Release|Any CPU.ActiveCfg = Release|Any CPU
		{D524C26E-AF40-4CB3-842D-EEE323C596A3}.Release|Any CPU.Build.0 = Release|Any CPU
		{1C166F26-DB3F-4DEA-BCCB-9653D839A46B}.Debug|Any CPU.ActiveCfg = Debug|Any CPU
		{1C166F26-DB3F-4DEA-BCCB-9653D839A46B}.Debug|Any CPU.Build.0 = Debug|Any CPU
		{1C166F26-DB3F-4DEA-BCCB-9653D839A46B}.Release|Any CPU.ActiveCfg = Release|Any CPU
		{1C166F26-DB3F-4DEA-BCCB-9653D839A46B}.Release|Any CPU.Build.0 = Release|Any CPU
		{3FB8F5DC-CBC3-4973-AE90-03852AEB16B2}.Debug|Any CPU.ActiveCfg = Debug|Any CPU
		{3FB8F5DC-CBC3-4973-AE90-03852AEB16B2}.Debug|Any CPU.Build.0 = Debug|Any CPU
		{3FB8F5DC-CBC3-4973-AE90-03852AEB16B2}.Release|Any CPU.ActiveCfg = Release|Any CPU
		{3FB8F5DC-CBC3-4973-AE90-03852AEB16B2}.Release|Any CPU.Build.0 = Release|Any CPU
		{F30A410F-8B1E-40E8-A2E1-F83B2324993D}.Debug|Any CPU.ActiveCfg = Debug|Any CPU
		{F30A410F-8B1E-40E8-A2E1-F83B2324993D}.Debug|Any CPU.Build.0 = Debug|Any CPU
		{F30A410F-8B1E-40E8-A2E1-F83B2324993D}.Release|Any CPU.ActiveCfg = Release|Any CPU
		{F30A410F-8B1E-40E8-A2E1-F83B2324993D}.Release|Any CPU.Build.0 = Release|Any CPU
		{B1E04690-B488-4575-938B-BA267C879521}.Debug|Any CPU.ActiveCfg = Debug|Any CPU
		{B1E04690-B488-4575-938B-BA267C879521}.Debug|Any CPU.Build.0 = Debug|Any CPU
		{B1E04690-B488-4575-938B-BA267C879521}.Release|Any CPU.ActiveCfg = Release|Any CPU
		{B1E04690-B488-4575-938B-BA267C879521}.Release|Any CPU.Build.0 = Release|Any CPU
		{EEA92250-2F71-4510-8502-795642645CBF}.Debug|Any CPU.ActiveCfg = Debug|Any CPU
		{EEA92250-2F71-4510-8502-795642645CBF}.Debug|Any CPU.Build.0 = Debug|Any CPU
		{EEA92250-2F71-4510-8502-795642645CBF}.Release|Any CPU.ActiveCfg = Release|Any CPU
		{EEA92250-2F71-4510-8502-795642645CBF}.Release|Any CPU.Build.0 = Release|Any CPU
		{8B14EB9E-649F-47E7-B8C6-8575CF437A14}.Debug|Any CPU.ActiveCfg = Debug|Any CPU
		{8B14EB9E-649F-47E7-B8C6-8575CF437A14}.Debug|Any CPU.Build.0 = Debug|Any CPU
		{8B14EB9E-649F-47E7-B8C6-8575CF437A14}.Release|Any CPU.ActiveCfg = Release|Any CPU
		{8B14EB9E-649F-47E7-B8C6-8575CF437A14}.Release|Any CPU.Build.0 = Release|Any CPU
		{A79B4C0F-3B9C-4CEF-AAFD-B06CDE13FC22}.Debug|Any CPU.ActiveCfg = Debug|Any CPU
		{A79B4C0F-3B9C-4CEF-AAFD-B06CDE13FC22}.Debug|Any CPU.Build.0 = Debug|Any CPU
		{A79B4C0F-3B9C-4CEF-AAFD-B06CDE13FC22}.Release|Any CPU.ActiveCfg = Release|Any CPU
		{A79B4C0F-3B9C-4CEF-AAFD-B06CDE13FC22}.Release|Any CPU.Build.0 = Release|Any CPU
		{385B38B1-20B1-49C2-952F-84281FCAB8EA}.Debug|Any CPU.ActiveCfg = Debug|Any CPU
		{385B38B1-20B1-49C2-952F-84281FCAB8EA}.Debug|Any CPU.Build.0 = Debug|Any CPU
		{385B38B1-20B1-49C2-952F-84281FCAB8EA}.Release|Any CPU.ActiveCfg = Release|Any CPU
		{385B38B1-20B1-49C2-952F-84281FCAB8EA}.Release|Any CPU.Build.0 = Release|Any CPU
		{99CD34E0-DDF6-49C9-945E-16EC736B872B}.Debug|Any CPU.ActiveCfg = Debug|Any CPU
		{99CD34E0-DDF6-49C9-945E-16EC736B872B}.Debug|Any CPU.Build.0 = Debug|Any CPU
		{99CD34E0-DDF6-49C9-945E-16EC736B872B}.Release|Any CPU.ActiveCfg = Release|Any CPU
		{99CD34E0-DDF6-49C9-945E-16EC736B872B}.Release|Any CPU.Build.0 = Release|Any CPU
	EndGlobalSection
	GlobalSection(SolutionProperties) = preSolution
		HideSolutionNode = FALSE
	EndGlobalSection
	GlobalSection(ExtensibilityGlobals) = postSolution
		SolutionGuid = {D581E351-3B77-4BF3-B986-497885DCA3C7}
	EndGlobalSection
EndGlobal
